
Microsoft Visual Studio Solution File, Format Version 12.00
# Visual Studio 15
VisualStudioVersion = 15.0.28307.168
MinimumVisualStudioVersion = 10.0.40219.1
Project("{888888A0-9F3D-457C-B088-3A5042F75D52}") = "DataVisualization", "DataVisualization\DataVisualization.pyproj", "{D9E8D3D6-D718-471F-BF82-0FE164BA4735}"
EndProject
Global
	GlobalSection(SolutionConfigurationPlatforms) = preSolution
		Debug|Any CPU = Debug|Any CPU
		Release|Any CPU = Release|Any CPU
	EndGlobalSection
	GlobalSection(ProjectConfigurationPlatforms) = postSolution
		{D9E8D3D6-D718-471F-BF82-0FE164BA4735}.Debug|Any CPU.ActiveCfg = Debug|Any CPU
		{D9E8D3D6-D718-471F-BF82-0FE164BA4735}.Release|Any CPU.ActiveCfg = Release|Any CPU
	EndGlobalSection
	GlobalSection(SolutionProperties) = preSolution
		HideSolutionNode = FALSE
	EndGlobalSection
	GlobalSection(ExtensibilityGlobals) = postSolution
		SolutionGuid = {DB1B7C08-AD3F-4CDE-B473-985DA3CA048B}
	EndGlobalSection
EndGlobal
