
Microsoft Visual Studio Solution File, Format Version 12.00
# Visual Studio 15
VisualStudioVersion = 15.0.28010.2036
MinimumVisualStudioVersion = 10.0.40219.1
Project("{888888A0-9F3D-457C-B088-3A5042F75D52}") = "List", "List\List.pyproj", "{A7E187FF-C5D5-4FE9-9AF8-85598FB3FFE3}"
EndProject
Global
	GlobalSection(SolutionConfigurationPlatforms) = preSolution
		Debug|Any CPU = Debug|Any CPU
		Release|Any CPU = Release|Any CPU
	EndGlobalSection
	GlobalSection(ProjectConfigurationPlatforms) = postSolution
		{A7E187FF-C5D5-4FE9-9AF8-85598FB3FFE3}.Debug|Any CPU.ActiveCfg = Debug|Any CPU
		{A7E187FF-C5D5-4FE9-9AF8-85598FB3FFE3}.Release|Any CPU.ActiveCfg = Release|Any CPU
	EndGlobalSection
	GlobalSection(SolutionProperties) = preSolution
		HideSolutionNode = FALSE
	EndGlobalSection
	GlobalSection(ExtensibilityGlobals) = postSolution
		SolutionGuid = {0E029BC4-96C0-49D3-AAF6-630E6D679A7E}
	EndGlobalSection
EndGlobal
