
Microsoft Visual Studio Solution File, Format Version 12.00
# Visual Studio 15
VisualStudioVersion = 15.0.28010.2036
MinimumVisualStudioVersion = 10.0.40219.1
Project("{888888A0-9F3D-457C-B088-3A5042F75D52}") = "FilesAndExceptions", "FilesAndExceptions\FilesAndExceptions.pyproj", "{28B3C5ED-FAA8-4FB7-95C7-5FBE4F0EEDB7}"
EndProject
Global
	GlobalSection(SolutionConfigurationPlatforms) = preSolution
		Debug|Any CPU = Debug|Any CPU
		Release|Any CPU = Release|Any CPU
	EndGlobalSection
	GlobalSection(ProjectConfigurationPlatforms) = postSolution
		{28B3C5ED-FAA8-4FB7-95C7-5FBE4F0EEDB7}.Debug|Any CPU.ActiveCfg = Debug|Any CPU
		{28B3C5ED-FAA8-4FB7-95C7-5FBE4F0EEDB7}.Release|Any CPU.ActiveCfg = Release|Any CPU
	EndGlobalSection
	GlobalSection(SolutionProperties) = preSolution
		HideSolutionNode = FALSE
	EndGlobalSection
	GlobalSection(ExtensibilityGlobals) = postSolution
		SolutionGuid = {173B915F-CCC5-46F5-AD1D-7276AD7C1B8B}
	EndGlobalSection
EndGlobal
