
Microsoft Visual Studio Solution File, Format Version 12.00
# Visual Studio 15
VisualStudioVersion = 15.0.28307.168
MinimumVisualStudioVersion = 10.0.40219.1
Project("{888888A0-9F3D-457C-B088-3A5042F75D52}") = "DjangoWebProject", "DjangoWebProject\DjangoWebProject.pyproj", "{0CE1AFAF-A842-4912-A9AB-72AC1A2B8FBB}"
EndProject
Global
	GlobalSection(SolutionConfigurationPlatforms) = preSolution
		Debug|Any CPU = Debug|Any CPU
		Release|Any CPU = Release|Any CPU
	EndGlobalSection
	GlobalSection(ProjectConfigurationPlatforms) = postSolution
		{0CE1AFAF-A842-4912-A9AB-72AC1A2B8FBB}.Debug|Any CPU.ActiveCfg = Debug|Any CPU
		{0CE1AFAF-A842-4912-A9AB-72AC1A2B8FBB}.Debug|Any CPU.Build.0 = Debug|Any CPU
		{0CE1AFAF-A842-4912-A9AB-72AC1A2B8FBB}.Release|Any CPU.ActiveCfg = Release|Any CPU
		{0CE1AFAF-A842-4912-A9AB-72AC1A2B8FBB}.Release|Any CPU.Build.0 = Release|Any CPU
	EndGlobalSection
	GlobalSection(SolutionProperties) = preSolution
		HideSolutionNode = FALSE
	EndGlobalSection
	GlobalSection(ExtensibilityGlobals) = postSolution
		SolutionGuid = {73724E6B-C780-4BB2-8FDF-1B520C420585}
	EndGlobalSection
EndGlobal
